
Microsoft Visual Studio Solution File, Format Version 12.00
# Visual Studio 14
VisualStudioVersion = 14.0.25420.1
MinimumVisualStudioVersion = 10.0.40219.1
Project("{FAE04EC0-301F-11D3-BF4B-00C04F79EFBC}") = "Du_An_Y_Te", "Du_An_Y_Te\Du_An_Y_Te.csproj", "{92BA00E9-D25A-4928-8AF2-7E364EEAB9C3}"
EndProject
Project("{FAE04EC0-301F-11D3-BF4B-00C04F79EFBC}") = "Service", "Service\Service.csproj", "{19F4B148-38E3-4D43-81D9-19F0B3CBB84A}"
EndProject
Global
	GlobalSection(SolutionConfigurationPlatforms) = preSolution
		Debug|Any CPU = Debug|Any CPU
		Release|Any CPU = Release|Any CPU
	EndGlobalSection
	GlobalSection(ProjectConfigurationPlatforms) = postSolution
		{92BA00E9-D25A-4928-8AF2-7E364EEAB9C3}.Debug|Any CPU.ActiveCfg = Debug|Any CPU
		{92BA00E9-D25A-4928-8AF2-7E364EEAB9C3}.Debug|Any CPU.Build.0 = Debug|Any CPU
		{92BA00E9-D25A-4928-8AF2-7E364EEAB9C3}.Release|Any CPU.ActiveCfg = Release|Any CPU
		{92BA00E9-D25A-4928-8AF2-7E364EEAB9C3}.Release|Any CPU.Build.0 = Release|Any CPU
		{19F4B148-38E3-4D43-81D9-19F0B3CBB84A}.Debug|Any CPU.ActiveCfg = Debug|Any CPU
		{19F4B148-38E3-4D43-81D9-19F0B3CBB84A}.Debug|Any CPU.Build.0 = Debug|Any CPU
		{19F4B148-38E3-4D43-81D9-19F0B3CBB84A}.Release|Any CPU.ActiveCfg = Release|Any CPU
		{19F4B148-38E3-4D43-81D9-19F0B3CBB84A}.Release|Any CPU.Build.0 = Release|Any CPU
	EndGlobalSection
	GlobalSection(SolutionProperties) = preSolution
		HideSolutionNode = FALSE
	EndGlobalSection
EndGlobal
